
Microsoft Visual Studio Solution File, Format Version 12.00
# Visual Studio Version 16
VisualStudioVersion = 25.0.1700.5
MinimumVisualStudioVersion = 10.0.40219.1
Project("{FAE04EC0-301F-11D3-BF4B-00C04F79EFBC}") = "KamaGamesNode", "KamaGamesNode\KamaGamesNode.csproj", "{7E22703C-1A21-45BC-896E-5F316DF46D86}"
EndProject
Global
	GlobalSection(SolutionConfigurationPlatforms) = preSolution
		Debug|Any CPU = Debug|Any CPU
		Release|Any CPU = Release|Any CPU
	EndGlobalSection
	GlobalSection(ProjectConfigurationPlatforms) = postSolution
		{7E22703C-1A21-45BC-896E-5F316DF46D86}.Debug|Any CPU.ActiveCfg = Debug|Any CPU
		{7E22703C-1A21-45BC-896E-5F316DF46D86}.Debug|Any CPU.Build.0 = Debug|Any CPU
		{7E22703C-1A21-45BC-896E-5F316DF46D86}.Release|Any CPU.ActiveCfg = Release|Any CPU
		{7E22703C-1A21-45BC-896E-5F316DF46D86}.Release|Any CPU.Build.0 = Release|Any CPU
	EndGlobalSection
	GlobalSection(SolutionProperties) = preSolution
		HideSolutionNode = FALSE
	EndGlobalSection
	GlobalSection(ExtensibilityGlobals) = postSolution
		SolutionGuid = {BAC1BAFF-1A24-4318-8993-2FC9571B9B05}
	EndGlobalSection
EndGlobal
